
Microsoft Visual Studio Solution File, Format Version 12.00
# Visual Studio Version 16
VisualStudioVersion = 16.0.29009.5
MinimumVisualStudioVersion = 10.0.40219.1
Project("{FAE04EC0-301F-11D3-BF4B-00C04F79EFBC}") = "ProjetFileRouge", "ProjetFileRouge\ProjetFileRouge.csproj", "{DC820213-224C-4F72-BED9-CA052DE81F43}"
EndProject
Global
	GlobalSection(SolutionConfigurationPlatforms) = preSolution
		Debug|Any CPU = Debug|Any CPU
		Release|Any CPU = Release|Any CPU
	EndGlobalSection
	GlobalSection(ProjectConfigurationPlatforms) = postSolution
		{DC820213-224C-4F72-BED9-CA052DE81F43}.Debug|Any CPU.ActiveCfg = Debug|Any CPU
		{DC820213-224C-4F72-BED9-CA052DE81F43}.Debug|Any CPU.Build.0 = Debug|Any CPU
		{DC820213-224C-4F72-BED9-CA052DE81F43}.Release|Any CPU.ActiveCfg = Release|Any CPU
		{DC820213-224C-4F72-BED9-CA052DE81F43}.Release|Any CPU.Build.0 = Release|Any CPU
	EndGlobalSection
	GlobalSection(SolutionProperties) = preSolution
		HideSolutionNode = FALSE
	EndGlobalSection
	GlobalSection(ExtensibilityGlobals) = postSolution
		SolutionGuid = {2A0F27FA-0646-40AB-AC93-49FB684934EC}
	EndGlobalSection
EndGlobal
