
Microsoft Visual Studio Solution File, Format Version 12.00
# Visual Studio 15
VisualStudioVersion = 15.0.28307.489
MinimumVisualStudioVersion = 10.0.40219.1
Project("{FAE04EC0-301F-11D3-BF4B-00C04F79EFBC}") = "Projet_File_Rouge", "Projet_File_Rouge\Projet_File_Rouge.csproj", "{2C7D10D1-7AFA-4B01-A945-49A2D54F4E8B}"
EndProject
Global
	GlobalSection(SolutionConfigurationPlatforms) = preSolution
		Debug|Any CPU = Debug|Any CPU
		Release|Any CPU = Release|Any CPU
	EndGlobalSection
	GlobalSection(ProjectConfigurationPlatforms) = postSolution
		{2C7D10D1-7AFA-4B01-A945-49A2D54F4E8B}.Debug|Any CPU.ActiveCfg = Debug|Any CPU
		{2C7D10D1-7AFA-4B01-A945-49A2D54F4E8B}.Debug|Any CPU.Build.0 = Debug|Any CPU
		{2C7D10D1-7AFA-4B01-A945-49A2D54F4E8B}.Release|Any CPU.ActiveCfg = Release|Any CPU
		{2C7D10D1-7AFA-4B01-A945-49A2D54F4E8B}.Release|Any CPU.Build.0 = Release|Any CPU
	EndGlobalSection
	GlobalSection(SolutionProperties) = preSolution
		HideSolutionNode = FALSE
	EndGlobalSection
	GlobalSection(ExtensibilityGlobals) = postSolution
		SolutionGuid = {4C1A44BF-5775-459D-9CF4-1B0FD100D757}
	EndGlobalSection
EndGlobal
